{
    "name": "oddball",
    "version": "0.0.2",
    "lockfileVersion": 2,
    "requires": true,
    "packages": {
        "": {
            "version": "0.0.2",
            "license": "MIT",
            "dependencies": {
                "mealtime": "^0.0.14"
            }
        },
        "node_modules/mealtime": {
            "version": "0.0.14",
            "resolved": "https://registry.npmjs.org/mealtime/-/mealtime-0.0.14.tgz",
            "integrity": "sha512-As4HMA1RnXDJxwMo/vTYizkqZCOfbDLtl85gpW1bTh7K4P1/Z1KcWOv859zR5p2cM3osoQB0WGfbPYPZrqCw+g=="
        }
    },
    "dependencies": {
        "mealtime": {
            "version": "0.0.14",
            "resolved": "https://registry.npmjs.org/mealtime/-/mealtime-0.0.14.tgz",
            "integrity": "sha512-As4HMA1RnXDJxwMo/vTYizkqZCOfbDLtl85gpW1bTh7K4P1/Z1KcWOv859zR5p2cM3osoQB0WGfbPYPZrqCw+g=="
        }
    }
}
